
Microsoft Visual Studio Solution File, Format Version 12.00
# Visual Studio 15
VisualStudioVersion = 15.0.28010.2003
MinimumVisualStudioVersion = 10.0.40219.1
Project("{FAE04EC0-301F-11D3-BF4B-00C04F79EFBC}") = "UltimateUserInput", "UltimateUserInput\UltimateUserInput.csproj", "{246FA676-419E-41C7-9740-5057350FEBB9}"
EndProject
Global
	GlobalSection(SolutionConfigurationPlatforms) = preSolution
		Debug|Any CPU = Debug|Any CPU
		Release|Any CPU = Release|Any CPU
	EndGlobalSection
	GlobalSection(ProjectConfigurationPlatforms) = postSolution
		{246FA676-419E-41C7-9740-5057350FEBB9}.Debug|Any CPU.ActiveCfg = Debug|Any CPU
		{246FA676-419E-41C7-9740-5057350FEBB9}.Debug|Any CPU.Build.0 = Debug|Any CPU
		{246FA676-419E-41C7-9740-5057350FEBB9}.Release|Any CPU.ActiveCfg = Release|Any CPU
		{246FA676-419E-41C7-9740-5057350FEBB9}.Release|Any CPU.Build.0 = Release|Any CPU
	EndGlobalSection
	GlobalSection(SolutionProperties) = preSolution
		HideSolutionNode = FALSE
	EndGlobalSection
	GlobalSection(ExtensibilityGlobals) = postSolution
		SolutionGuid = {D0739851-5DF3-42DD-8CDF-CF0506C2D95B}
	EndGlobalSection
EndGlobal
